// !$*UTF8*$!
{
	archiveVersion = 1;
	classes = {
	};
	objectVersion = 46;
	objects = {

/* Begin PBXBuildFile section */
		2B0912D119BD400200384036 /* ExpressionMoreBar.m in Sources */ = {isa = PBXBuildFile; fileRef = 2B0912D019BD400200384036 /* ExpressionMoreBar.m */; };
		2B0912D619BD427C00384036 /* ChatExpressionView.m in Sources */ = {isa = PBXBuildFile; fileRef = 2B0912D519BD427C00384036 /* ChatExpressionView.m */; };
		2B0912D919BD474C00384036 /* ShareMenuItem.m in Sources */ = {isa = PBXBuildFile; fileRef = 2B0912D819BD474C00384036 /* ShareMenuItem.m */; };
		2B957D1019BBEFB600E82597 /* Foundation.framework in Frameworks */ = {isa = PBXBuildFile; fileRef = 2B957D0F19BBEFB600E82597 /* Foundation.framework */; };
		2B957D1219BBEFB600E82597 /* CoreGraphics.framework in Frameworks */ = {isa = PBXBuildFile; fileRef = 2B957D1119BBEFB600E82597 /* CoreGraphics.framework */; };
		2B957D1419BBEFB600E82597 /* UIKit.framework in Frameworks */ = {isa = PBXBuildFile; fileRef = 2B957D1319BBEFB600E82597 /* UIKit.framework */; };
		2B957D1A19BBEFB600E82597 /* InfoPlist.strings in Resources */ = {isa = PBXBuildFile; fileRef = 2B957D1819BBEFB600E82597 /* InfoPlist.strings */; };
		2B957D1C19BBEFB600E82597 /* main.m in Sources */ = {isa = PBXBuildFile; fileRef = 2B957D1B19BBEFB600E82597 /* main.m */; };
		2B957D2019BBEFB600E82597 /* AppDelegate.m in Sources */ = {isa = PBXBuildFile; fileRef = 2B957D1F19BBEFB600E82597 /* AppDelegate.m */; };
		2B957D2219BBEFB600E82597 /* Images.xcassets in Resources */ = {isa = PBXBuildFile; fileRef = 2B957D2119BBEFB600E82597 /* Images.xcassets */; };
		2B957D2919BBEFB600E82597 /* XCTest.framework in Frameworks */ = {isa = PBXBuildFile; fileRef = 2B957D2819BBEFB600E82597 /* XCTest.framework */; };
		2B957D2A19BBEFB600E82597 /* Foundation.framework in Frameworks */ = {isa = PBXBuildFile; fileRef = 2B957D0F19BBEFB600E82597 /* Foundation.framework */; };
		2B957D2B19BBEFB600E82597 /* UIKit.framework in Frameworks */ = {isa = PBXBuildFile; fileRef = 2B957D1319BBEFB600E82597 /* UIKit.framework */; };
		2B957D3319BBEFB600E82597 /* InfoPlist.strings in Resources */ = {isa = PBXBuildFile; fileRef = 2B957D3119BBEFB600E82597 /* InfoPlist.strings */; };
		2B957D3519BBEFB600E82597 /* ChatKeyboardTests.m in Sources */ = {isa = PBXBuildFile; fileRef = 2B957D3419BBEFB600E82597 /* ChatKeyboardTests.m */; };
		2B957D8819BBFB4200E82597 /* DeleteEmoticonBtn_ios7@2x.png in Resources */ = {isa = PBXBuildFile; fileRef = 2B957D4919BBFB4200E82597 /* DeleteEmoticonBtn_ios7@2x.png */; };
		2B957D8919BBFB4200E82597 /* EmoticonBigTipsRight@2x.png in Resources */ = {isa = PBXBuildFile; fileRef = 2B957D4A19BBFB4200E82597 /* EmoticonBigTipsRight@2x.png */; };
		2B957D8B19BBFB4200E82597 /* Expression_10@2x.png in Resources */ = {isa = PBXBuildFile; fileRef = 2B957D4C19BBFB4200E82597 /* Expression_10@2x.png */; };
		2B957D8C19BBFB4200E82597 /* Expression_11@2x.png in Resources */ = {isa = PBXBuildFile; fileRef = 2B957D4D19BBFB4200E82597 /* Expression_11@2x.png */; };
		2B957D8D19BBFB4200E82597 /* Expression_12@2x.png in Resources */ = {isa = PBXBuildFile; fileRef = 2B957D4E19BBFB4200E82597 /* Expression_12@2x.png */; };
		2B957D8E19BBFB4200E82597 /* Expression_13@2x.png in Resources */ = {isa = PBXBuildFile; fileRef = 2B957D4F19BBFB4200E82597 /* Expression_13@2x.png */; };
		2B957D8F19BBFB4200E82597 /* Expression_14@2x.png in Resources */ = {isa = PBXBuildFile; fileRef = 2B957D5019BBFB4200E82597 /* Expression_14@2x.png */; };
		2B957D9019BBFB4200E82597 /* Expression_15@2x.png in Resources */ = {isa = PBXBuildFile; fileRef = 2B957D5119BBFB4200E82597 /* Expression_15@2x.png */; };
		2B957D9119BBFB4200E82597 /* Expression_16@2x.png in Resources */ = {isa = PBXBuildFile; fileRef = 2B957D5219BBFB4200E82597 /* Expression_16@2x.png */; };
		2B957D9219BBFB4200E82597 /* Expression_17@2x.png in Resources */ = {isa = PBXBuildFile; fileRef = 2B957D5319BBFB4200E82597 /* Expression_17@2x.png */; };
		2B957D9319BBFB4200E82597 /* Expression_18@2x.png in Resources */ = {isa = PBXBuildFile; fileRef = 2B957D5419BBFB4200E82597 /* Expression_18@2x.png */; };
		2B957D9419BBFB4200E82597 /* Expression_19@2x.png in Resources */ = {isa = PBXBuildFile; fileRef = 2B957D5519BBFB4200E82597 /* Expression_19@2x.png */; };
		2B957D9519BBFB4200E82597 /* Expression_1@2x.png in Resources */ = {isa = PBXBuildFile; fileRef = 2B957D5619BBFB4200E82597 /* Expression_1@2x.png */; };
		2B957D9619BBFB4200E82597 /* Expression_20@2x.png in Resources */ = {isa = PBXBuildFile; fileRef = 2B957D5719BBFB4200E82597 /* Expression_20@2x.png */; };
		2B957D9719BBFB4200E82597 /* Expression_21@2x.png in Resources */ = {isa = PBXBuildFile; fileRef = 2B957D5819BBFB4200E82597 /* Expression_21@2x.png */; };
		2B957D9819BBFB4200E82597 /* Expression_22@2x.png in Resources */ = {isa = PBXBuildFile; fileRef = 2B957D5919BBFB4200E82597 /* Expression_22@2x.png */; };
		2B957D9919BBFB4200E82597 /* Expression_23@2x.png in Resources */ = {isa = PBXBuildFile; fileRef = 2B957D5A19BBFB4200E82597 /* Expression_23@2x.png */; };
		2B957D9A19BBFB4200E82597 /* Expression_24@2x.png in Resources */ = {isa = PBXBuildFile; fileRef = 2B957D5B19BBFB4200E82597 /* Expression_24@2x.png */; };
		2B957D9B19BBFB4200E82597 /* Expression_25@2x.png in Resources */ = {isa = PBXBuildFile; fileRef = 2B957D5C19BBFB4200E82597 /* Expression_25@2x.png */; };
		2B957D9C19BBFB4200E82597 /* Expression_26@2x.png in Resources */ = {isa = PBXBuildFile; fileRef = 2B957D5D19BBFB4200E82597 /* Expression_26@2x.png */; };
		2B957D9D19BBFB4200E82597 /* Expression_27@2x.png in Resources */ = {isa = PBXBuildFile; fileRef = 2B957D5E19BBFB4200E82597 /* Expression_27@2x.png */; };
		2B957D9E19BBFB4200E82597 /* Expression_28@2x.png in Resources */ = {isa = PBXBuildFile; fileRef = 2B957D5F19BBFB4200E82597 /* Expression_28@2x.png */; };
		2B957D9F19BBFB4200E82597 /* Expression_29@2x.png in Resources */ = {isa = PBXBuildFile; fileRef = 2B957D6019BBFB4200E82597 /* Expression_29@2x.png */; };
		2B957DA019BBFB4200E82597 /* Expression_2@2x.png in Resources */ = {isa = PBXBuildFile; fileRef = 2B957D6119BBFB4200E82597 /* Expression_2@2x.png */; };
		2B957DA119BBFB4200E82597 /* Expression_30@2x.png in Resources */ = {isa = PBXBuildFile; fileRef = 2B957D6219BBFB4200E82597 /* Expression_30@2x.png */; };
		2B957DA219BBFB4200E82597 /* Expression_31@2x.png in Resources */ = {isa = PBXBuildFile; fileRef = 2B957D6319BBFB4200E82597 /* Expression_31@2x.png */; };
		2B957DA319BBFB4200E82597 /* Expression_32@2x.png in Resources */ = {isa = PBXBuildFile; fileRef = 2B957D6419BBFB4200E82597 /* Expression_32@2x.png */; };
		2B957DA419BBFB4200E82597 /* Expression_33@2x.png in Resources */ = {isa = PBXBuildFile; fileRef = 2B957D6519BBFB4200E82597 /* Expression_33@2x.png */; };
		2B957DA519BBFB4200E82597 /* Expression_34@2x.png in Resources */ = {isa = PBXBuildFile; fileRef = 2B957D6619BBFB4200E82597 /* Expression_34@2x.png */; };
		2B957DA619BBFB4200E82597 /* Expression_35@2x.png in Resources */ = {isa = PBXBuildFile; fileRef = 2B957D6719BBFB4200E82597 /* Expression_35@2x.png */; };
		2B957DA719BBFB4200E82597 /* Expression_36@2x.png in Resources */ = {isa = PBXBuildFile; fileRef = 2B957D6819BBFB4200E82597 /* Expression_36@2x.png */; };
		2B957DA819BBFB4200E82597 /* Expression_37@2x.png in Resources */ = {isa = PBXBuildFile; fileRef = 2B957D6919BBFB4200E82597 /* Expression_37@2x.png */; };
		2B957DA919BBFB4200E82597 /* Expression_38@2x.png in Resources */ = {isa = PBXBuildFile; fileRef = 2B957D6A19BBFB4200E82597 /* Expression_38@2x.png */; };
		2B957DAA19BBFB4200E82597 /* Expression_39@2x.png in Resources */ = {isa = PBXBuildFile; fileRef = 2B957D6B19BBFB4200E82597 /* Expression_39@2x.png */; };
		2B957DAB19BBFB4200E82597 /* Expression_3@2x.png in Resources */ = {isa = PBXBuildFile; fileRef = 2B957D6C19BBFB4200E82597 /* Expression_3@2x.png */; };
		2B957DAC19BBFB4200E82597 /* Expression_40@2x.png in Resources */ = {isa = PBXBuildFile; fileRef = 2B957D6D19BBFB4200E82597 /* Expression_40@2x.png */; };
		2B957DAD19BBFB4200E82597 /* Expression_41@2x.png in Resources */ = {isa = PBXBuildFile; fileRef = 2B957D6E19BBFB4200E82597 /* Expression_41@2x.png */; };
		2B957DAE19BBFB4200E82597 /* Expression_42@2x.png in Resources */ = {isa = PBXBuildFile; fileRef = 2B957D6F19BBFB4200E82597 /* Expression_42@2x.png */; };
		2B957DAF19BBFB4200E82597 /* Expression_43@2x.png in Resources */ = {isa = PBXBuildFile; fileRef = 2B957D7019BBFB4200E82597 /* Expression_43@2x.png */; };
		2B957DB019BBFB4200E82597 /* Expression_44@2x.png in Resources */ = {isa = PBXBuildFile; fileRef = 2B957D7119BBFB4200E82597 /* Expression_44@2x.png */; };
		2B957DB119BBFB4200E82597 /* Expression_45@2x.png in Resources */ = {isa = PBXBuildFile; fileRef = 2B957D7219BBFB4200E82597 /* Expression_45@2x.png */; };
		2B957DB219BBFB4200E82597 /* Expression_46@2x.png in Resources */ = {isa = PBXBuildFile; fileRef = 2B957D7319BBFB4200E82597 /* Expression_46@2x.png */; };
		2B957DB319BBFB4200E82597 /* Expression_47@2x.png in Resources */ = {isa = PBXBuildFile; fileRef = 2B957D7419BBFB4200E82597 /* Expression_47@2x.png */; };
		2B957DB419BBFB4200E82597 /* Expression_48@2x.png in Resources */ = {isa = PBXBuildFile; fileRef = 2B957D7519BBFB4200E82597 /* Expression_48@2x.png */; };
		2B957DB519BBFB4200E82597 /* Expression_49@2x.png in Resources */ = {isa = PBXBuildFile; fileRef = 2B957D7619BBFB4200E82597 /* Expression_49@2x.png */; };
		2B957DB619BBFB4200E82597 /* Expression_4@2x.png in Resources */ = {isa = PBXBuildFile; fileRef = 2B957D7719BBFB4200E82597 /* Expression_4@2x.png */; };
		2B957DB719BBFB4200E82597 /* Expression_50@2x.png in Resources */ = {isa = PBXBuildFile; fileRef = 2B957D7819BBFB4200E82597 /* Expression_50@2x.png */; };
		2B957DB819BBFB4200E82597 /* Expression_51@2x.png in Resources */ = {isa = PBXBuildFile; fileRef = 2B957D7919BBFB4200E82597 /* Expression_51@2x.png */; };
		2B957DB919BBFB4200E82597 /* Expression_52@2x.png in Resources */ = {isa = PBXBuildFile; fileRef = 2B957D7A19BBFB4200E82597 /* Expression_52@2x.png */; };
		2B957DBA19BBFB4200E82597 /* Expression_53@2x.png in Resources */ = {isa = PBXBuildFile; fileRef = 2B957D7B19BBFB4200E82597 /* Expression_53@2x.png */; };
		2B957DBB19BBFB4200E82597 /* Expression_54@2x.png in Resources */ = {isa = PBXBuildFile; fileRef = 2B957D7C19BBFB4200E82597 /* Expression_54@2x.png */; };
		2B957DBC19BBFB4200E82597 /* Expression_55@2x.png in Resources */ = {isa = PBXBuildFile; fileRef = 2B957D7D19BBFB4200E82597 /* Expression_55@2x.png */; };
		2B957DBD19BBFB4200E82597 /* Expression_56@2x.png in Resources */ = {isa = PBXBuildFile; fileRef = 2B957D7E19BBFB4200E82597 /* Expression_56@2x.png */; };
		2B957DBE19BBFB4200E82597 /* Expression_57@2x.png in Resources */ = {isa = PBXBuildFile; fileRef = 2B957D7F19BBFB4200E82597 /* Expression_57@2x.png */; };
		2B957DBF19BBFB4200E82597 /* Expression_58@2x.png in Resources */ = {isa = PBXBuildFile; fileRef = 2B957D8019BBFB4200E82597 /* Expression_58@2x.png */; };
		2B957DC019BBFB4200E82597 /* Expression_59@2x.png in Resources */ = {isa = PBXBuildFile; fileRef = 2B957D8119BBFB4200E82597 /* Expression_59@2x.png */; };
		2B957DC119BBFB4200E82597 /* Expression_5@2x.png in Resources */ = {isa = PBXBuildFile; fileRef = 2B957D8219BBFB4200E82597 /* Expression_5@2x.png */; };
		2B957DC219BBFB4200E82597 /* Expression_60@2x.png in Resources */ = {isa = PBXBuildFile; fileRef = 2B957D8319BBFB4200E82597 /* Expression_60@2x.png */; };
		2B957DC319BBFB4200E82597 /* Expression_6@2x.png in Resources */ = {isa = PBXBuildFile; fileRef = 2B957D8419BBFB4200E82597 /* Expression_6@2x.png */; };
		2B957DC419BBFB4200E82597 /* Expression_7@2x.png in Resources */ = {isa = PBXBuildFile; fileRef = 2B957D8519BBFB4200E82597 /* Expression_7@2x.png */; };
		2B957DC519BBFB4200E82597 /* Expression_8@2x.png in Resources */ = {isa = PBXBuildFile; fileRef = 2B957D8619BBFB4200E82597 /* Expression_8@2x.png */; };
		2B957DC619BBFB4200E82597 /* Expression_9@2x.png in Resources */ = {isa = PBXBuildFile; fileRef = 2B957D8719BBFB4200E82597 /* Expression_9@2x.png */; };
		2B957DE519BBFBFC00E82597 /* chatBubble_Receiving_Solid@2x.png in Resources */ = {isa = PBXBuildFile; fileRef = 2B957DC819BBFBFC00E82597 /* chatBubble_Receiving_Solid@2x.png */; };
		2B957DE619BBFBFC00E82597 /* chatBubble_Sending_Solid@2x.png in Resources */ = {isa = PBXBuildFile; fileRef = 2B957DC919BBFBFC00E82597 /* chatBubble_Sending_Solid@2x.png */; };
		2B957DE719BBFBFC00E82597 /* map_located@2x.png in Resources */ = {isa = PBXBuildFile; fileRef = 2B957DCB19BBFBFC00E82597 /* map_located@2x.png */; };
		2B957DE819BBFBFC00E82597 /* sharemore_location_ios7@2x.png in Resources */ = {isa = PBXBuildFile; fileRef = 2B957DCC19BBFBFC00E82597 /* sharemore_location_ios7@2x.png */; };
		2B957DE919BBFBFC00E82597 /* sharemore_pic_ios7@2x.png in Resources */ = {isa = PBXBuildFile; fileRef = 2B957DCD19BBFBFC00E82597 /* sharemore_pic_ios7@2x.png */; };
		2B957DEA19BBFBFC00E82597 /* sharemore_video_ios7@2x.png in Resources */ = {isa = PBXBuildFile; fileRef = 2B957DCE19BBFBFC00E82597 /* sharemore_video_ios7@2x.png */; };
		2B957DEB19BBFBFC00E82597 /* sharemore_videovoip@2x.png in Resources */ = {isa = PBXBuildFile; fileRef = 2B957DCF19BBFBFC00E82597 /* sharemore_videovoip@2x.png */; };
		2B957DEC19BBFBFC00E82597 /* input-bar-background.png in Resources */ = {isa = PBXBuildFile; fileRef = 2B957DD119BBFBFC00E82597 /* input-bar-background.png */; };
		2B957DED19BBFBFC00E82597 /* input-bar-background@2x.png in Resources */ = {isa = PBXBuildFile; fileRef = 2B957DD219BBFBFC00E82597 /* input-bar-background@2x.png */; };
		2B957DEF19BBFBFC00E82597 /* input-bar-flat@2x.png in Resources */ = {isa = PBXBuildFile; fileRef = 2B957DD419BBFBFC00E82597 /* input-bar-flat@2x.png */; };
		2B957DF019BBFBFC00E82597 /* ToolViewEmotion_ios7@2x.png in Resources */ = {isa = PBXBuildFile; fileRef = 2B957DD519BBFBFC00E82597 /* ToolViewEmotion_ios7@2x.png */; };
		2B957DF119BBFBFC00E82597 /* ToolViewInputVoice_ios7@2x.png in Resources */ = {isa = PBXBuildFile; fileRef = 2B957DD619BBFBFC00E82597 /* ToolViewInputVoice_ios7@2x.png */; };
		2B957DF219BBFBFC00E82597 /* ToolViewKeyboard_ios7@2x.png in Resources */ = {isa = PBXBuildFile; fileRef = 2B957DD719BBFBFC00E82597 /* ToolViewKeyboard_ios7@2x.png */; };
		2B957DF319BBFBFC00E82597 /* TypeSelectorBtn_Black_ios7@2x.png in Resources */ = {isa = PBXBuildFile; fileRef = 2B957DD819BBFBFC00E82597 /* TypeSelectorBtn_Black_ios7@2x.png */; };
		2B957DF419BBFBFC00E82597 /* holdDownButton@2x.png in Resources */ = {isa = PBXBuildFile; fileRef = 2B957DDA19BBFBFC00E82597 /* holdDownButton@2x.png */; };
		2B957DF519BBFBFC00E82597 /* ReceiverVoiceNodePlaying000_ios7@2x.png in Resources */ = {isa = PBXBuildFile; fileRef = 2B957DDB19BBFBFC00E82597 /* ReceiverVoiceNodePlaying000_ios7@2x.png */; };
		2B957DF619BBFBFC00E82597 /* ReceiverVoiceNodePlaying001_ios7@2x.png in Resources */ = {isa = PBXBuildFile; fileRef = 2B957DDC19BBFBFC00E82597 /* ReceiverVoiceNodePlaying001_ios7@2x.png */; };
		2B957DF719BBFBFC00E82597 /* ReceiverVoiceNodePlaying002_ios7@2x.png in Resources */ = {isa = PBXBuildFile; fileRef = 2B957DDD19BBFBFC00E82597 /* ReceiverVoiceNodePlaying002_ios7@2x.png */; };
		2B957DF819BBFBFC00E82597 /* ReceiverVoiceNodePlaying003_ios7@2x.png in Resources */ = {isa = PBXBuildFile; fileRef = 2B957DDE19BBFBFC00E82597 /* ReceiverVoiceNodePlaying003_ios7@2x.png */; };
		2B957DF919BBFBFC00E82597 /* ReceiverVoiceNodePlaying_ios7@2x.png in Resources */ = {isa = PBXBuildFile; fileRef = 2B957DDF19BBFBFC00E82597 /* ReceiverVoiceNodePlaying_ios7@2x.png */; };
		2B957DFA19BBFBFC00E82597 /* SenderVoiceNodePlaying000_ios7@2x.png in Resources */ = {isa = PBXBuildFile; fileRef = 2B957DE019BBFBFC00E82597 /* SenderVoiceNodePlaying000_ios7@2x.png */; };
		2B957DFB19BBFBFC00E82597 /* SenderVoiceNodePlaying001_ios7@2x.png in Resources */ = {isa = PBXBuildFile; fileRef = 2B957DE119BBFBFC00E82597 /* SenderVoiceNodePlaying001_ios7@2x.png */; };
		2B957DFC19BBFBFC00E82597 /* SenderVoiceNodePlaying002_ios7@2x.png in Resources */ = {isa = PBXBuildFile; fileRef = 2B957DE219BBFBFC00E82597 /* SenderVoiceNodePlaying002_ios7@2x.png */; };
		2B957DFD19BBFBFC00E82597 /* SenderVoiceNodePlaying003_ios7@2x.png in Resources */ = {isa = PBXBuildFile; fileRef = 2B957DE319BBFBFC00E82597 /* SenderVoiceNodePlaying003_ios7@2x.png */; };
		2B957DFE19BBFBFC00E82597 /* SenderVoiceNodePlaying_ios7@2x.png in Resources */ = {isa = PBXBuildFile; fileRef = 2B957DE419BBFBFC00E82597 /* SenderVoiceNodePlaying_ios7@2x.png */; };
		2B957E0419BBFE9C00E82597 /* expression.plist in Resources */ = {isa = PBXBuildFile; fileRef = 2B957E0319BBFE9C00E82597 /* expression.plist */; };
		2B957E0719BC2AA900E82597 /* NSDictionary+Expression.m in Sources */ = {isa = PBXBuildFile; fileRef = 2B957E0619BC2AA900E82597 /* NSDictionary+Expression.m */; };
		2BEDE3FC19BC62FF00768A78 /* ChatDisplayViewController.m in Sources */ = {isa = PBXBuildFile; fileRef = 2BEDE3FB19BC62FF00768A78 /* ChatDisplayViewController.m */; };
		2BEDE40C19BC658C00768A78 /* ExpressionView.m in Sources */ = {isa = PBXBuildFile; fileRef = 2BEDE40519BC658C00768A78 /* ExpressionView.m */; };
		2BEDE40D19BC658C00768A78 /* InputToolView.m in Sources */ = {isa = PBXBuildFile; fileRef = 2BEDE40819BC658C00768A78 /* InputToolView.m */; };
		2BEDE40E19BC658C00768A78 /* ShareView.m in Sources */ = {isa = PBXBuildFile; fileRef = 2BEDE40B19BC658C00768A78 /* ShareView.m */; };
		2BEDE41119BC65D300768A78 /* ChatModel.m in Sources */ = {isa = PBXBuildFile; fileRef = 2BEDE41019BC65D300768A78 /* ChatModel.m */; };
		2BEDE41419BC675500768A78 /* InputTextView.m in Sources */ = {isa = PBXBuildFile; fileRef = 2BEDE41319BC675500768A78 /* InputTextView.m */; };
/* End PBXBuildFile section */

/* Begin PBXContainerItemProxy section */
		2B957D2C19BBEFB600E82597 /* PBXContainerItemProxy */ = {
			isa = PBXContainerItemProxy;
			containerPortal = 2B957D0419BBEFB500E82597 /* Project object */;
			proxyType = 1;
			remoteGlobalIDString = 2B957D0B19BBEFB600E82597;
			remoteInfo = ChatKeyboard;
		};
/* End PBXContainerItemProxy section */

/* Begin PBXFileReference section */
		2B0912CF19BD400200384036 /* ExpressionMoreBar.h */ = {isa = PBXFileReference; fileEncoding = 4; lastKnownFileType = sourcecode.c.h; path = ExpressionMoreBar.h; sourceTree = "<group>"; };
		2B0912D019BD400200384036 /* ExpressionMoreBar.m */ = {isa = PBXFileReference; fileEncoding = 4; lastKnownFileType = sourcecode.c.objc; path = ExpressionMoreBar.m; sourceTree = "<group>"; };
		2B0912D319BD415300384036 /* Constant.h */ = {isa = PBXFileReference; fileEncoding = 4; lastKnownFileType = sourcecode.c.h; path = Constant.h; sourceTree = "<group>"; };
		2B0912D419BD427C00384036 /* ChatExpressionView.h */ = {isa = PBXFileReference; fileEncoding = 4; lastKnownFileType = sourcecode.c.h; path = ChatExpressionView.h; sourceTree = "<group>"; };
		2B0912D519BD427C00384036 /* ChatExpressionView.m */ = {isa = PBXFileReference; fileEncoding = 4; lastKnownFileType = sourcecode.c.objc; path = ChatExpressionView.m; sourceTree = "<group>"; };
		2B0912D719BD474C00384036 /* ShareMenuItem.h */ = {isa = PBXFileReference; fileEncoding = 4; lastKnownFileType = sourcecode.c.h; path = ShareMenuItem.h; sourceTree = "<group>"; };
		2B0912D819BD474C00384036 /* ShareMenuItem.m */ = {isa = PBXFileReference; fileEncoding = 4; lastKnownFileType = sourcecode.c.objc; path = ShareMenuItem.m; sourceTree = "<group>"; };
		2B957D0C19BBEFB600E82597 /* ChatKeyboard.app */ = {isa = PBXFileReference; explicitFileType = wrapper.application; includeInIndex = 0; path = ChatKeyboard.app; sourceTree = BUILT_PRODUCTS_DIR; };
		2B957D0F19BBEFB600E82597 /* Foundation.framework */ = {isa = PBXFileReference; lastKnownFileType = wrapper.framework; name = Foundation.framework; path = System/Library/Frameworks/Foundation.framework; sourceTree = SDKROOT; };
		2B957D1119BBEFB600E82597 /* CoreGraphics.framework */ = {isa = PBXFileReference; lastKnownFileType = wrapper.framework; name = CoreGraphics.framework; path = System/Library/Frameworks/CoreGraphics.framework; sourceTree = SDKROOT; };
		2B957D1319BBEFB600E82597 /* UIKit.framework */ = {isa = PBXFileReference; lastKnownFileType = wrapper.framework; name = UIKit.framework; path = System/Library/Frameworks/UIKit.framework; sourceTree = SDKROOT; };
		2B957D1719BBEFB600E82597 /* ChatKeyboard-Info.plist */ = {isa = PBXFileReference; lastKnownFileType = text.plist.xml; path = "ChatKeyboard-Info.plist"; sourceTree = "<group>"; };
		2B957D1919BBEFB600E82597 /* en */ = {isa = PBXFileReference; lastKnownFileType = text.plist.strings; name = en; path = en.lproj/InfoPlist.strings; sourceTree = "<group>"; };
		2B957D1B19BBEFB600E82597 /* main.m */ = {isa = PBXFileReference; lastKnownFileType = sourcecode.c.objc; path = main.m; sourceTree = "<group>"; };
		2B957D1D19BBEFB600E82597 /* ChatKeyboard-Prefix.pch */ = {isa = PBXFileReference; lastKnownFileType = sourcecode.c.h; path = "ChatKeyboard-Prefix.pch"; sourceTree = "<group>"; };
		2B957D1E19BBEFB600E82597 /* AppDelegate.h */ = {isa = PBXFileReference; lastKnownFileType = sourcecode.c.h; path = AppDelegate.h; sourceTree = "<group>"; };
		2B957D1F19BBEFB600E82597 /* AppDelegate.m */ = {isa = PBXFileReference; lastKnownFileType = sourcecode.c.objc; path = AppDelegate.m; sourceTree = "<group>"; };
		2B957D2119BBEFB600E82597 /* Images.xcassets */ = {isa = PBXFileReference; lastKnownFileType = folder.assetcatalog; path = Images.xcassets; sourceTree = "<group>"; };
		2B957D2719BBEFB600E82597 /* ChatKeyboardTests.xctest */ = {isa = PBXFileReference; explicitFileType = wrapper.cfbundle; includeInIndex = 0; path = ChatKeyboardTests.xctest; sourceTree = BUILT_PRODUCTS_DIR; };
		2B957D2819BBEFB600E82597 /* XCTest.framework */ = {isa = PBXFileReference; lastKnownFileType = wrapper.framework; name = XCTest.framework; path = Library/Frameworks/XCTest.framework; sourceTree = DEVELOPER_DIR; };
		2B957D3019BBEFB600E82597 /* ChatKeyboardTests-Info.plist */ = {isa = PBXFileReference; lastKnownFileType = text.plist.xml; path = "ChatKeyboardTests-Info.plist"; sourceTree = "<group>"; };
		2B957D3219BBEFB600E82597 /* en */ = {isa = PBXFileReference; lastKnownFileType = text.plist.strings; name = en; path = en.lproj/InfoPlist.strings; sourceTree = "<group>"; };
		2B957D3419BBEFB600E82597 /* ChatKeyboardTests.m */ = {isa = PBXFileReference; lastKnownFileType = sourcecode.c.objc; path = ChatKeyboardTests.m; sourceTree = "<group>"; };
		2B957D4919BBFB4200E82597 /* DeleteEmoticonBtn_ios7@2x.png */ = {isa = PBXFileReference; lastKnownFileType = image.png; path = "DeleteEmoticonBtn_ios7@2x.png"; sourceTree = "<group>"; };
		2B957D4A19BBFB4200E82597 /* EmoticonBigTipsRight@2x.png */ = {isa = PBXFileReference; lastKnownFileType = image.png; path = "EmoticonBigTipsRight@2x.png"; sourceTree = "<group>"; };
		2B957D4C19BBFB4200E82597 /* Expression_10@2x.png */ = {isa = PBXFileReference; lastKnownFileType = image.png; path = "Expression_10@2x.png"; sourceTree = "<group>"; };
		2B957D4D19BBFB4200E82597 /* Expression_11@2x.png */ = {isa = PBXFileReference; lastKnownFileType = image.png; path = "Expression_11@2x.png"; sourceTree = "<group>"; };
		2B957D4E19BBFB4200E82597 /* Expression_12@2x.png */ = {isa = PBXFileReference; lastKnownFileType = image.png; path = "Expression_12@2x.png"; sourceTree = "<group>"; };
		2B957D4F19BBFB4200E82597 /* Expression_13@2x.png */ = {isa = PBXFileReference; lastKnownFileType = image.png; path = "Expression_13@2x.png"; sourceTree = "<group>"; };
		2B957D5019BBFB4200E82597 /* Expression_14@2x.png */ = {isa = PBXFileReference; lastKnownFileType = image.png; path = "Expression_14@2x.png"; sourceTree = "<group>"; };
		2B957D5119BBFB4200E82597 /* Expression_15@2x.png */ = {isa = PBXFileReference; lastKnownFileType = image.png; path = "Expression_15@2x.png"; sourceTree = "<group>"; };
		2B957D5219BBFB4200E82597 /* Expression_16@2x.png */ = {isa = PBXFileReference; lastKnownFileType = image.png; path = "Expression_16@2x.png"; sourceTree = "<group>"; };
		2B957D5319BBFB4200E82597 /* Expression_17@2x.png */ = {isa = PBXFileReference; lastKnownFileType = image.png; path = "Expression_17@2x.png"; sourceTree = "<group>"; };
		2B957D5419BBFB4200E82597 /* Expression_18@2x.png */ = {isa = PBXFileReference; lastKnownFileType = image.png; path = "Expression_18@2x.png"; sourceTree = "<group>"; };
		2B957D5519BBFB4200E82597 /* Expression_19@2x.png */ = {isa = PBXFileReference; lastKnownFileType = image.png; path = "Expression_19@2x.png"; sourceTree = "<group>"; };
		2B957D5619BBFB4200E82597 /* Expression_1@2x.png */ = {isa = PBXFileReference; lastKnownFileType = image.png; path = "Expression_1@2x.png"; sourceTree = "<group>"; };
		2B957D5719BBFB4200E82597 /* Expression_20@2x.png */ = {isa = PBXFileReference; lastKnownFileType = image.png; path = "Expression_20@2x.png"; sourceTree = "<group>"; };
		2B957D5819BBFB4200E82597 /* Expression_21@2x.png */ = {isa = PBXFileReference; lastKnownFileType = image.png; path = "Expression_21@2x.png"; sourceTree = "<group>"; };
		2B957D5919BBFB4200E82597 /* Expression_22@2x.png */ = {isa = PBXFileReference; lastKnownFileType = image.png; path = "Expression_22@2x.png"; sourceTree = "<group>"; };
		2B957D5A19BBFB4200E82597 /* Expression_23@2x.png */ = {isa = PBXFileReference; lastKnownFileType = image.png; path = "Expression_23@2x.png"; sourceTree = "<group>"; };
		2B957D5B19BBFB4200E82597 /* Expression_24@2x.png */ = {isa = PBXFileReference; lastKnownFileType = image.png; path = "Expression_24@2x.png"; sourceTree = "<group>"; };
		2B957D5C19BBFB4200E82597 /* Expression_25@2x.png */ = {isa = PBXFileReference; lastKnownFileType = image.png; path = "Expression_25@2x.png"; sourceTree = "<group>"; };
		2B957D5D19BBFB4200E82597 /* Expression_26@2x.png */ = {isa = PBXFileReference; lastKnownFileType = image.png; path = "Expression_26@2x.png"; sourceTree = "<group>"; };
		2B957D5E19BBFB4200E82597 /* Expression_27@2x.png */ = {isa = PBXFileReference; lastKnownFileType = image.png; path = "Expression_27@2x.png"; sourceTree = "<group>"; };
		2B957D5F19BBFB4200E82597 /* Expression_28@2x.png */ = {isa = PBXFileReference; lastKnownFileType = image.png; path = "Expression_28@2x.png"; sourceTree = "<group>"; };
		2B957D6019BBFB4200E82597 /* Expression_29@2x.png */ = {isa = PBXFileReference; lastKnownFileType = image.png; path = "Expression_29@2x.png"; sourceTree = "<group>"; };
		2B957D6119BBFB4200E82597 /* Expression_2@2x.png */ = {isa = PBXFileReference; lastKnownFileType = image.png; path = "Expression_2@2x.png"; sourceTree = "<group>"; };
		2B957D6219BBFB4200E82597 /* Expression_30@2x.png */ = {isa = PBXFileReference; lastKnownFileType = image.png; path = "Expression_30@2x.png"; sourceTree = "<group>"; };
		2B957D6319BBFB4200E82597 /* Expression_31@2x.png */ = {isa = PBXFileReference; lastKnownFileType = image.png; path = "Expression_31@2x.png"; sourceTree = "<group>"; };
		2B957D6419BBFB4200E82597 /* Expression_32@2x.png */ = {isa = PBXFileReference; lastKnownFileType = image.png; path = "Expression_32@2x.png"; sourceTree = "<group>"; };
		2B957D6519BBFB4200E82597 /* Expression_33@2x.png */ = {isa = PBXFileReference; lastKnownFileType = image.png; path = "Expression_33@2x.png"; sourceTree = "<group>"; };
		2B957D6619BBFB4200E82597 /* Expression_34@2x.png */ = {isa = PBXFileReference; lastKnownFileType = image.png; path = "Expression_34@2x.png"; sourceTree = "<group>"; };
		2B957D6719BBFB4200E82597 /* Expression_35@2x.png */ = {isa = PBXFileReference; lastKnownFileType = image.png; path = "Expression_35@2x.png"; sourceTree = "<group>"; };
		2B957D6819BBFB4200E82597 /* Expression_36@2x.png */ = {isa = PBXFileReference; lastKnownFileType = image.png; path = "Expression_36@2x.png"; sourceTree = "<group>"; };
		2B957D6919BBFB4200E82597 /* Expression_37@2x.png */ = {isa = PBXFileReference; lastKnownFileType = image.png; path = "Expression_37@2x.png"; sourceTree = "<group>"; };
		2B957D6A19BBFB4200E82597 /* Expression_38@2x.png */ = {isa = PBXFileReference; lastKnownFileType = image.png; path = "Expression_38@2x.png"; sourceTree = "<group>"; };
		2B957D6B19BBFB4200E82597 /* Expression_39@2x.png */ = {isa = PBXFileReference; lastKnownFileType = image.png; path = "Expression_39@2x.png"; sourceTree = "<group>"; };
		2B957D6C19BBFB4200E82597 /* Expression_3@2x.png */ = {isa = PBXFileReference; lastKnownFileType = image.png; path = "Expression_3@2x.png"; sourceTree = "<group>"; };
		2B957D6D19BBFB4200E82597 /* Expression_40@2x.png */ = {isa = PBXFileReference; lastKnownFileType = image.png; path = "Expression_40@2x.png"; sourceTree = "<group>"; };
		2B957D6E19BBFB4200E82597 /* Expression_41@2x.png */ = {isa = PBXFileReference; lastKnownFileType = image.png; path = "Expression_41@2x.png"; sourceTree = "<group>"; };
		2B957D6F19BBFB4200E82597 /* Expression_42@2x.png */ = {isa = PBXFileReference; lastKnownFileType = image.png; path = "Expression_42@2x.png"; sourceTree = "<group>"; };
		2B957D7019BBFB4200E82597 /* Expression_43@2x.png */ = {isa = PBXFileReference; lastKnownFileType = image.png; path = "Expression_43@2x.png"; sourceTree = "<group>"; };
		2B957D7119BBFB4200E82597 /* Expression_44@2x.png */ = {isa = PBXFileReference; lastKnownFileType = image.png; path = "Expression_44@2x.png"; sourceTree = "<group>"; };
		2B957D7219BBFB4200E82597 /* Expression_45@2x.png */ = {isa = PBXFileReference; lastKnownFileType = image.png; path = "Expression_45@2x.png"; sourceTree = "<group>"; };
		2B957D7319BBFB4200E82597 /* Expression_46@2x.png */ = {isa = PBXFileReference; lastKnownFileType = image.png; path = "Expression_46@2x.png"; sourceTree = "<group>"; };
		2B957D7419BBFB4200E82597 /* Expression_47@2x.png */ = {isa = PBXFileReference; lastKnownFileType = image.png; path = "Expression_47@2x.png"; sourceTree = "<group>"; };
		2B957D7519BBFB4200E82597 /* Expression_48@2x.png */ = {isa = PBXFileReference; lastKnownFileType = image.png; path = "Expression_48@2x.png"; sourceTree = "<group>"; };
		2B957D7619BBFB4200E82597 /* Expression_49@2x.png */ = {isa = PBXFileReference; lastKnownFileType = image.png; path = "Expression_49@2x.png"; sourceTree = "<group>"; };
		2B957D7719BBFB4200E82597 /* Expression_4@2x.png */ = {isa = PBXFileReference; lastKnownFileType = image.png; path = "Expression_4@2x.png"; sourceTree = "<group>"; };
		2B957D7819BBFB4200E82597 /* Expression_50@2x.png */ = {isa = PBXFileReference; lastKnownFileType = image.png; path = "Expression_50@2x.png"; sourceTree = "<group>"; };
		2B957D7919BBFB4200E82597 /* Expression_51@2x.png */ = {isa = PBXFileReference; lastKnownFileType = image.png; path = "Expression_51@2x.png"; sourceTree = "<group>"; };
		2B957D7A19BBFB4200E82597 /* Expression_52@2x.png */ = {isa = PBXFileReference; lastKnownFileType = image.png; path = "Expression_52@2x.png"; sourceTree = "<group>"; };
		2B957D7B19BBFB4200E82597 /* Expression_53@2x.png */ = {isa = PBXFileReference; lastKnownFileType = image.png; path = "Expression_53@2x.png"; sourceTree = "<group>"; };
		2B957D7C19BBFB4200E82597 /* Expression_54@2x.png */ = {isa = PBXFileReference; lastKnownFileType = image.png; path = "Expression_54@2x.png"; sourceTree = "<group>"; };
		2B957D7D19BBFB4200E82597 /* Expression_55@2x.png */ = {isa = PBXFileReference; lastKnownFileType = image.png; path = "Expression_55@2x.png"; sourceTree = "<group>"; };
		2B957D7E19BBFB4200E82597 /* Expression_56@2x.png */ = {isa = PBXFileReference; lastKnownFileType = image.png; path = "Expression_56@2x.png"; sourceTree = "<group>"; };
		2B957D7F19BBFB4200E82597 /* Expression_57@2x.png */ = {isa = PBXFileReference; lastKnownFileType = image.png; path = "Expression_57@2x.png"; sourceTree = "<group>"; };
		2B957D8019BBFB4200E82597 /* Expression_58@2x.png */ = {isa = PBXFileReference; lastKnownFileType = image.png; path = "Expression_58@2x.png"; sourceTree = "<group>"; };
		2B957D8119BBFB4200E82597 /* Expression_59@2x.png */ = {isa = PBXFileReference; lastKnownFileType = image.png; path = "Expression_59@2x.png"; sourceTree = "<group>"; };
		2B957D8219BBFB4200E82597 /* Expression_5@2x.png */ = {isa = PBXFileReference; lastKnownFileType = image.png; path = "Expression_5@2x.png"; sourceTree = "<group>"; };
		2B957D8319BBFB4200E82597 /* Expression_60@2x.png */ = {isa = PBXFileReference; lastKnownFileType = image.png; path = "Expression_60@2x.png"; sourceTree = "<group>"; };
		2B957D8419BBFB4200E82597 /* Expression_6@2x.png */ = {isa = PBXFileReference; lastKnownFileType = image.png; path = "Expression_6@2x.png"; sourceTree = "<group>"; };
		2B957D8519BBFB4200E82597 /* Expression_7@2x.png */ = {isa = PBXFileReference; lastKnownFileType = image.png; path = "Expression_7@2x.png"; sourceTree = "<group>"; };
		2B957D8619BBFB4200E82597 /* Expression_8@2x.png */ = {isa = PBXFileReference; lastKnownFileType = image.png; path = "Expression_8@2x.png"; sourceTree = "<group>"; };
		2B957D8719BBFB4200E82597 /* Expression_9@2x.png */ = {isa = PBXFileReference; lastKnownFileType = image.png; path = "Expression_9@2x.png"; sourceTree = "<group>"; };
		2B957DC819BBFBFC00E82597 /* chatBubble_Receiving_Solid@2x.png */ = {isa = PBXFileReference; lastKnownFileType = image.png; path = "chatBubble_Receiving_Solid@2x.png"; sourceTree = "<group>"; };
		2B957DC919BBFBFC00E82597 /* chatBubble_Sending_Solid@2x.png */ = {isa = PBXFileReference; lastKnownFileType = image.png; path = "chatBubble_Sending_Solid@2x.png"; sourceTree = "<group>"; };
		2B957DCB19BBFBFC00E82597 /* map_located@2x.png */ = {isa = PBXFileReference; lastKnownFileType = image.png; path = "map_located@2x.png"; sourceTree = "<group>"; };
		2B957DCC19BBFBFC00E82597 /* sharemore_location_ios7@2x.png */ = {isa = PBXFileReference; lastKnownFileType = image.png; path = "sharemore_location_ios7@2x.png"; sourceTree = "<group>"; };
		2B957DCD19BBFBFC00E82597 /* sharemore_pic_ios7@2x.png */ = {isa = PBXFileReference; lastKnownFileType = image.png; path = "sharemore_pic_ios7@2x.png"; sourceTree = "<group>"; };
		2B957DCE19BBFBFC00E82597 /* sharemore_video_ios7@2x.png */ = {isa = PBXFileReference; lastKnownFileType = image.png; path = "sharemore_video_ios7@2x.png"; sourceTree = "<group>"; };
		2B957DCF19BBFBFC00E82597 /* sharemore_videovoip@2x.png */ = {isa = PBXFileReference; lastKnownFileType = image.png; path = "sharemore_videovoip@2x.png"; sourceTree = "<group>"; };
		2B957DD119BBFBFC00E82597 /* input-bar-background.png */ = {isa = PBXFileReference; lastKnownFileType = image.png; path = "input-bar-background.png"; sourceTree = "<group>"; };
		2B957DD219BBFBFC00E82597 /* input-bar-background@2x.png */ = {isa = PBXFileReference; lastKnownFileType = image.png; path = "input-bar-background@2x.png"; sourceTree = "<group>"; };
		2B957DD419BBFBFC00E82597 /* input-bar-flat@2x.png */ = {isa = PBXFileReference; lastKnownFileType = image.png; path = "input-bar-flat@2x.png"; sourceTree = "<group>"; };
		2B957DD519BBFBFC00E82597 /* ToolViewEmotion_ios7@2x.png */ = {isa = PBXFileReference; lastKnownFileType = image.png; path = "ToolViewEmotion_ios7@2x.png"; sourceTree = "<group>"; };
		2B957DD619BBFBFC00E82597 /* ToolViewInputVoice_ios7@2x.png */ = {isa = PBXFileReference; lastKnownFileType = image.png; path = "ToolViewInputVoice_ios7@2x.png"; sourceTree = "<group>"; };
		2B957DD719BBFBFC00E82597 /* ToolViewKeyboard_ios7@2x.png */ = {isa = PBXFileReference; lastKnownFileType = image.png; path = "ToolViewKeyboard_ios7@2x.png"; sourceTree = "<group>"; };
		2B957DD819BBFBFC00E82597 /* TypeSelectorBtn_Black_ios7@2x.png */ = {isa = PBXFileReference; lastKnownFileType = image.png; path = "TypeSelectorBtn_Black_ios7@2x.png"; sourceTree = "<group>"; };
		2B957DDA19BBFBFC00E82597 /* holdDownButton@2x.png */ = {isa = PBXFileReference; lastKnownFileType = image.png; path = "holdDownButton@2x.png"; sourceTree = "<group>"; };
		2B957DDB19BBFBFC00E82597 /* ReceiverVoiceNodePlaying000_ios7@2x.png */ = {isa = PBXFileReference; lastKnownFileType = image.png; path = "ReceiverVoiceNodePlaying000_ios7@2x.png"; sourceTree = "<group>"; };
		2B957DDC19BBFBFC00E82597 /* ReceiverVoiceNodePlaying001_ios7@2x.png */ = {isa = PBXFileReference; lastKnownFileType = image.png; path = "ReceiverVoiceNodePlaying001_ios7@2x.png"; sourceTree = "<group>"; };
		2B957DDD19BBFBFC00E82597 /* ReceiverVoiceNodePlaying002_ios7@2x.png */ = {isa = PBXFileReference; lastKnownFileType = image.png; path = "ReceiverVoiceNodePlaying002_ios7@2x.png"; sourceTree = "<group>"; };
		2B957DDE19BBFBFC00E82597 /* ReceiverVoiceNodePlaying003_ios7@2x.png */ = {isa = PBXFileReference; lastKnownFileType = image.png; path = "ReceiverVoiceNodePlaying003_ios7@2x.png"; sourceTree = "<group>"; };
		2B957DDF19BBFBFC00E82597 /* ReceiverVoiceNodePlaying_ios7@2x.png */ = {isa = PBXFileReference; lastKnownFileType = image.png; path = "ReceiverVoiceNodePlaying_ios7@2x.png"; sourceTree = "<group>"; };
		2B957DE019BBFBFC00E82597 /* SenderVoiceNodePlaying000_ios7@2x.png */ = {isa = PBXFileReference; lastKnownFileType = image.png; path = "SenderVoiceNodePlaying000_ios7@2x.png"; sourceTree = "<group>"; };
		2B957DE119BBFBFC00E82597 /* SenderVoiceNodePlaying001_ios7@2x.png */ = {isa = PBXFileReference; lastKnownFileType = image.png; path = "SenderVoiceNodePlaying001_ios7@2x.png"; sourceTree = "<group>"; };
		2B957DE219BBFBFC00E82597 /* SenderVoiceNodePlaying002_ios7@2x.png */ = {isa = PBXFileReference; lastKnownFileType = image.png; path = "SenderVoiceNodePlaying002_ios7@2x.png"; sourceTree = "<group>"; };
		2B957DE319BBFBFC00E82597 /* SenderVoiceNodePlaying003_ios7@2x.png */ = {isa = PBXFileReference; lastKnownFileType = image.png; path = "SenderVoiceNodePlaying003_ios7@2x.png"; sourceTree = "<group>"; };
		2B957DE419BBFBFC00E82597 /* SenderVoiceNodePlaying_ios7@2x.png */ = {isa = PBXFileReference; lastKnownFileType = image.png; path = "SenderVoiceNodePlaying_ios7@2x.png"; sourceTree = "<group>"; };
		2B957E0319BBFE9C00E82597 /* expression.plist */ = {isa = PBXFileReference; fileEncoding = 4; lastKnownFileType = text.plist.xml; path = expression.plist; sourceTree = "<group>"; };
		2B957E0519BC2AA900E82597 /* NSDictionary+Expression.h */ = {isa = PBXFileReference; fileEncoding = 4; lastKnownFileType = sourcecode.c.h; path = "NSDictionary+Expression.h"; sourceTree = "<group>"; };
		2B957E0619BC2AA900E82597 /* NSDictionary+Expression.m */ = {isa = PBXFileReference; fileEncoding = 4; lastKnownFileType = sourcecode.c.objc; path = "NSDictionary+Expression.m"; sourceTree = "<group>"; };
		2BEDE3FA19BC62FF00768A78 /* ChatDisplayViewController.h */ = {isa = PBXFileReference; fileEncoding = 4; lastKnownFileType = sourcecode.c.h; path = ChatDisplayViewController.h; sourceTree = "<group>"; };
		2BEDE3FB19BC62FF00768A78 /* ChatDisplayViewController.m */ = {isa = PBXFileReference; fileEncoding = 4; lastKnownFileType = sourcecode.c.objc; path = ChatDisplayViewController.m; sourceTree = "<group>"; };
		2BEDE40419BC658C00768A78 /* ExpressionView.h */ = {isa = PBXFileReference; fileEncoding = 4; lastKnownFileType = sourcecode.c.h; path = ExpressionView.h; sourceTree = "<group>"; };
		2BEDE40519BC658C00768A78 /* ExpressionView.m */ = {isa = PBXFileReference; fileEncoding = 4; lastKnownFileType = sourcecode.c.objc; path = ExpressionView.m; sourceTree = "<group>"; };
		2BEDE40719BC658C00768A78 /* InputToolView.h */ = {isa = PBXFileReference; fileEncoding = 4; lastKnownFileType = sourcecode.c.h; path = InputToolView.h; sourceTree = "<group>"; };
		2BEDE40819BC658C00768A78 /* InputToolView.m */ = {isa = PBXFileReference; fileEncoding = 4; lastKnownFileType = sourcecode.c.objc; path = InputToolView.m; sourceTree = "<group>"; };
		2BEDE40A19BC658C00768A78 /* ShareView.h */ = {isa = PBXFileReference; fileEncoding = 4; lastKnownFileType = sourcecode.c.h; path = ShareView.h; sourceTree = "<group>"; };
		2BEDE40B19BC658C00768A78 /* ShareView.m */ = {isa = PBXFileReference; fileEncoding = 4; lastKnownFileType = sourcecode.c.objc; path = ShareView.m; sourceTree = "<group>"; };
		2BEDE40F19BC65D300768A78 /* ChatModel.h */ = {isa = PBXFileReference; fileEncoding = 4; lastKnownFileType = sourcecode.c.h; path = ChatModel.h; sourceTree = "<group>"; };
		2BEDE41019BC65D300768A78 /* ChatModel.m */ = {isa = PBXFileReference; fileEncoding = 4; lastKnownFileType = sourcecode.c.objc; path = ChatModel.m; sourceTree = "<group>"; };
		2BEDE41219BC675500768A78 /* InputTextView.h */ = {isa = PBXFileReference; fileEncoding = 4; lastKnownFileType = sourcecode.c.h; path = InputTextView.h; sourceTree = "<group>"; };
		2BEDE41319BC675500768A78 /* InputTextView.m */ = {isa = PBXFileReference; fileEncoding = 4; lastKnownFileType = sourcecode.c.objc; path = InputTextView.m; sourceTree = "<group>"; };
/* End PBXFileReference section */

/* Begin PBXFrameworksBuildPhase section */
		2B957D0919BBEFB600E82597 /* Frameworks */ = {
			isa = PBXFrameworksBuildPhase;
			buildActionMask = 2147483647;
			files = (
				2B957D1219BBEFB600E82597 /* CoreGraphics.framework in Frameworks */,
				2B957D1419BBEFB600E82597 /* UIKit.framework in Frameworks */,
				2B957D1019BBEFB600E82597 /* Foundation.framework in Frameworks */,
			);
			runOnlyForDeploymentPostprocessing = 0;
		};
		2B957D2419BBEFB600E82597 /* Frameworks */ = {
			isa = PBXFrameworksBuildPhase;
			buildActionMask = 2147483647;
			files = (
				2B957D2919BBEFB600E82597 /* XCTest.framework in Frameworks */,
				2B957D2B19BBEFB600E82597 /* UIKit.framework in Frameworks */,
				2B957D2A19BBEFB600E82597 /* Foundation.framework in Frameworks */,
			);
			runOnlyForDeploymentPostprocessing = 0;
		};
/* End PBXFrameworksBuildPhase section */

/* Begin PBXGroup section */
		2B0912D219BD410500384036 /* untity */ = {
			isa = PBXGroup;
			children = (
				2B0912D319BD415300384036 /* Constant.h */,
			);
			path = untity;
			sourceTree = "<group>";
		};
		2B957D0319BBEFB500E82597 = {
			isa = PBXGroup;
			children = (
				2B957D1519BBEFB600E82597 /* ChatKeyboard */,
				2B957D2E19BBEFB600E82597 /* ChatKeyboardTests */,
				2B957D0E19BBEFB600E82597 /* Frameworks */,
				2B957D0D19BBEFB600E82597 /* Products */,
			);
			sourceTree = "<group>";
		};
		2B957D0D19BBEFB600E82597 /* Products */ = {
			isa = PBXGroup;
			children = (
				2B957D0C19BBEFB600E82597 /* ChatKeyboard.app */,
				2B957D2719BBEFB600E82597 /* ChatKeyboardTests.xctest */,
			);
			name = Products;
			sourceTree = "<group>";
		};
		2B957D0E19BBEFB600E82597 /* Frameworks */ = {
			isa = PBXGroup;
			children = (
				2B957D0F19BBEFB600E82597 /* Foundation.framework */,
				2B957D1119BBEFB600E82597 /* CoreGraphics.framework */,
				2B957D1319BBEFB600E82597 /* UIKit.framework */,
				2B957D2819BBEFB600E82597 /* XCTest.framework */,
			);
			name = Frameworks;
			sourceTree = "<group>";
		};
		2B957D1519BBEFB600E82597 /* ChatKeyboard */ = {
			isa = PBXGroup;
			children = (
				2B0912D219BD410500384036 /* untity */,
				2B957DFF19BBFD5D00E82597 /* manager */,
				2B957D4719BBFA7100E82597 /* resources */,
				2B957D4119BBF93F00E82597 /* controllers */,
				2B957D4219BBF93F00E82597 /* models */,
				2B957D4319BBF93F00E82597 /* views */,
				2B957D1E19BBEFB600E82597 /* AppDelegate.h */,
				2B957D1F19BBEFB600E82597 /* AppDelegate.m */,
				2B957D2119BBEFB600E82597 /* Images.xcassets */,
				2B957D1619BBEFB600E82597 /* Supporting Files */,
			);
			path = ChatKeyboard;
			sourceTree = "<group>";
		};
		2B957D1619BBEFB600E82597 /* Supporting Files */ = {
			isa = PBXGroup;
			children = (
				2B957D1719BBEFB600E82597 /* ChatKeyboard-Info.plist */,
				2B957D1819BBEFB600E82597 /* InfoPlist.strings */,
				2B957D1B19BBEFB600E82597 /* main.m */,
				2B957D1D19BBEFB600E82597 /* ChatKeyboard-Prefix.pch */,
			);
			name = "Supporting Files";
			sourceTree = "<group>";
		};
		2B957D2E19BBEFB600E82597 /* ChatKeyboardTests */ = {
			isa = PBXGroup;
			children = (
				2B957D3419BBEFB600E82597 /* ChatKeyboardTests.m */,
				2B957D2F19BBEFB600E82597 /* Supporting Files */,
			);
			path = ChatKeyboardTests;
			sourceTree = "<group>";
		};
		2B957D2F19BBEFB600E82597 /* Supporting Files */ = {
			isa = PBXGroup;
			children = (
				2B957D3019BBEFB600E82597 /* ChatKeyboardTests-Info.plist */,
				2B957D3119BBEFB600E82597 /* InfoPlist.strings */,
			);
			name = "Supporting Files";
			sourceTree = "<group>";
		};
		2B957D4119BBF93F00E82597 /* controllers */ = {
			isa = PBXGroup;
			children = (
				2BEDE3FA19BC62FF00768A78 /* ChatDisplayViewController.h */,
				2BEDE3FB19BC62FF00768A78 /* ChatDisplayViewController.m */,
			);
			path = controllers;
			sourceTree = "<group>";
		};
		2B957D4219BBF93F00E82597 /* models */ = {
			isa = PBXGroup;
			children = (
				2BEDE40F19BC65D300768A78 /* ChatModel.h */,
				2BEDE41019BC65D300768A78 /* ChatModel.m */,
			);
			path = models;
			sourceTree = "<group>";
		};
		2B957D4319BBF93F00E82597 /* views */ = {
			isa = PBXGroup;
			children = (
				2BEDE40319BC658C00768A78 /* expression */,
				2BEDE40619BC658C00768A78 /* inputBox */,
				2BEDE40919BC658C00768A78 /* share */,
			);
			path = views;
			sourceTree = "<group>";
		};
		2B957D4719BBFA7100E82597 /* resources */ = {
			isa = PBXGroup;
			children = (
				2B957DC719BBFBFC00E82597 /* bubble */,
				2B957DCA19BBFBFC00E82597 /* share */,
				2B957DD019BBFBFC00E82597 /* toolbar */,
				2B957DD919BBFBFC00E82597 /* voice */,
				2B957D4819BBFB4200E82597 /* expression */,
			);
			path = resources;
			sourceTree = "<group>";
		};
		2B957D4819BBFB4200E82597 /* expression */ = {
			isa = PBXGroup;
			children = (
				2B957D4919BBFB4200E82597 /* DeleteEmoticonBtn_ios7@2x.png */,
				2B957D4A19BBFB4200E82597 /* EmoticonBigTipsRight@2x.png */,
				2B957D4C19BBFB4200E82597 /* Expression_10@2x.png */,
				2B957D4D19BBFB4200E82597 /* Expression_11@2x.png */,
				2B957D4E19BBFB4200E82597 /* Expression_12@2x.png */,
				2B957D4F19BBFB4200E82597 /* Expression_13@2x.png */,
				2B957D5019BBFB4200E82597 /* Expression_14@2x.png */,
				2B957D5119BBFB4200E82597 /* Expression_15@2x.png */,
				2B957D5219BBFB4200E82597 /* Expression_16@2x.png */,
				2B957D5319BBFB4200E82597 /* Expression_17@2x.png */,
				2B957D5419BBFB4200E82597 /* Expression_18@2x.png */,
				2B957D5519BBFB4200E82597 /* Expression_19@2x.png */,
				2B957D5619BBFB4200E82597 /* Expression_1@2x.png */,
				2B957D5719BBFB4200E82597 /* Expression_20@2x.png */,
				2B957D5819BBFB4200E82597 /* Expression_21@2x.png */,
				2B957D5919BBFB4200E82597 /* Expression_22@2x.png */,
				2B957D5A19BBFB4200E82597 /* Expression_23@2x.png */,
				2B957D5B19BBFB4200E82597 /* Expression_24@2x.png */,
				2B957D5C19BBFB4200E82597 /* Expression_25@2x.png */,
				2B957D5D19BBFB4200E82597 /* Expression_26@2x.png */,
				2B957D5E19BBFB4200E82597 /* Expression_27@2x.png */,
				2B957D5F19BBFB4200E82597 /* Expression_28@2x.png */,
				2B957D6019BBFB4200E82597 /* Expression_29@2x.png */,
				2B957D6119BBFB4200E82597 /* Expression_2@2x.png */,
				2B957D6219BBFB4200E82597 /* Expression_30@2x.png */,
				2B957D6319BBFB4200E82597 /* Expression_31@2x.png */,
				2B957D6419BBFB4200E82597 /* Expression_32@2x.png */,
				2B957D6519BBFB4200E82597 /* Expression_33@2x.png */,
				2B957D6619BBFB4200E82597 /* Expression_34@2x.png */,
				2B957D6719BBFB4200E82597 /* Expression_35@2x.png */,
				2B957D6819BBFB4200E82597 /* Expression_36@2x.png */,
				2B957D6919BBFB4200E82597 /* Expression_37@2x.png */,
				2B957D6A19BBFB4200E82597 /* Expression_38@2x.png */,
				2B957D6B19BBFB4200E82597 /* Expression_39@2x.png */,
				2B957D6C19BBFB4200E82597 /* Expression_3@2x.png */,
				2B957D6D19BBFB4200E82597 /* Expression_40@2x.png */,
				2B957D6E19BBFB4200E82597 /* Expression_41@2x.png */,
				2B957D6F19BBFB4200E82597 /* Expression_42@2x.png */,
				2B957D7019BBFB4200E82597 /* Expression_43@2x.png */,
				2B957D7119BBFB4200E82597 /* Expression_44@2x.png */,
				2B957D7219BBFB4200E82597 /* Expression_45@2x.png */,
				2B957D7319BBFB4200E82597 /* Expression_46@2x.png */,
				2B957D7419BBFB4200E82597 /* Expression_47@2x.png */,
				2B957D7519BBFB4200E82597 /* Expression_48@2x.png */,
				2B957D7619BBFB4200E82597 /* Expression_49@2x.png */,
				2B957D7719BBFB4200E82597 /* Expression_4@2x.png */,
				2B957D7819BBFB4200E82597 /* Expression_50@2x.png */,
				2B957D7919BBFB4200E82597 /* Expression_51@2x.png */,
				2B957D7A19BBFB4200E82597 /* Expression_52@2x.png */,
				2B957D7B19BBFB4200E82597 /* Expression_53@2x.png */,
				2B957D7C19BBFB4200E82597 /* Expression_54@2x.png */,
				2B957D7D19BBFB4200E82597 /* Expression_55@2x.png */,
				2B957D7E19BBFB4200E82597 /* Expression_56@2x.png */,
				2B957D7F19BBFB4200E82597 /* Expression_57@2x.png */,
				2B957D8019BBFB4200E82597 /* Expression_58@2x.png */,
				2B957D8119BBFB4200E82597 /* Expression_59@2x.png */,
				2B957D8219BBFB4200E82597 /* Expression_5@2x.png */,
				2B957D8319BBFB4200E82597 /* Expression_60@2x.png */,
				2B957D8419BBFB4200E82597 /* Expression_6@2x.png */,
				2B957D8519BBFB4200E82597 /* Expression_7@2x.png */,
				2B957D8619BBFB4200E82597 /* Expression_8@2x.png */,
				2B957D8719BBFB4200E82597 /* Expression_9@2x.png */,
			);
			path = expression;
			sourceTree = "<group>";
		};
		2B957DC719BBFBFC00E82597 /* bubble */ = {
			isa = PBXGroup;
			children = (
				2B957DC819BBFBFC00E82597 /* chatBubble_Receiving_Solid@2x.png */,
				2B957DC919BBFBFC00E82597 /* chatBubble_Sending_Solid@2x.png */,
			);
			path = bubble;
			sourceTree = "<group>";
		};
		2B957DCA19BBFBFC00E82597 /* share */ = {
			isa = PBXGroup;
			children = (
				2B957DCB19BBFBFC00E82597 /* map_located@2x.png */,
				2B957DCC19BBFBFC00E82597 /* sharemore_location_ios7@2x.png */,
				2B957DCD19BBFBFC00E82597 /* sharemore_pic_ios7@2x.png */,
				2B957DCE19BBFBFC00E82597 /* sharemore_video_ios7@2x.png */,
				2B957DCF19BBFBFC00E82597 /* sharemore_videovoip@2x.png */,
			);
			path = share;
			sourceTree = "<group>";
		};
		2B957DD019BBFBFC00E82597 /* toolbar */ = {
			isa = PBXGroup;
			children = (
				2B957DD119BBFBFC00E82597 /* input-bar-background.png */,
				2B957DD219BBFBFC00E82597 /* input-bar-background@2x.png */,
				2B957DD419BBFBFC00E82597 /* input-bar-flat@2x.png */,
				2B957DD519BBFBFC00E82597 /* ToolViewEmotion_ios7@2x.png */,
				2B957DD619BBFBFC00E82597 /* ToolViewInputVoice_ios7@2x.png */,
				2B957DD719BBFBFC00E82597 /* ToolViewKeyboard_ios7@2x.png */,
				2B957DD819BBFBFC00E82597 /* TypeSelectorBtn_Black_ios7@2x.png */,
			);
			path = toolbar;
			sourceTree = "<group>";
		};
		2B957DD919BBFBFC00E82597 /* voice */ = {
			isa = PBXGroup;
			children = (
				2B957DDA19BBFBFC00E82597 /* holdDownButton@2x.png */,
				2B957DDB19BBFBFC00E82597 /* ReceiverVoiceNodePlaying000_ios7@2x.png */,
				2B957DDC19BBFBFC00E82597 /* ReceiverVoiceNodePlaying001_ios7@2x.png */,
				2B957DDD19BBFBFC00E82597 /* ReceiverVoiceNodePlaying002_ios7@2x.png */,
				2B957DDE19BBFBFC00E82597 /* ReceiverVoiceNodePlaying003_ios7@2x.png */,
				2B957DDF19BBFBFC00E82597 /* ReceiverVoiceNodePlaying_ios7@2x.png */,
				2B957DE019BBFBFC00E82597 /* SenderVoiceNodePlaying000_ios7@2x.png */,
				2B957DE119BBFBFC00E82597 /* SenderVoiceNodePlaying001_ios7@2x.png */,
				2B957DE219BBFBFC00E82597 /* SenderVoiceNodePlaying002_ios7@2x.png */,
				2B957DE319BBFBFC00E82597 /* SenderVoiceNodePlaying003_ios7@2x.png */,
				2B957DE419BBFBFC00E82597 /* SenderVoiceNodePlaying_ios7@2x.png */,
			);
			path = voice;
			sourceTree = "<group>";
		};
		2B957DFF19BBFD5D00E82597 /* manager */ = {
			isa = PBXGroup;
			children = (
				2B957E0319BBFE9C00E82597 /* expression.plist */,
				2B957E0519BC2AA900E82597 /* NSDictionary+Expression.h */,
				2B957E0619BC2AA900E82597 /* NSDictionary+Expression.m */,
			);
			path = manager;
			sourceTree = "<group>";
		};
		2BEDE40319BC658C00768A78 /* expression */ = {
			isa = PBXGroup;
			children = (
				2BEDE40419BC658C00768A78 /* ExpressionView.h */,
				2BEDE40519BC658C00768A78 /* ExpressionView.m */,
				2B0912CF19BD400200384036 /* ExpressionMoreBar.h */,
				2B0912D019BD400200384036 /* ExpressionMoreBar.m */,
				2B0912D419BD427C00384036 /* ChatExpressionView.h */,
				2B0912D519BD427C00384036 /* ChatExpressionView.m */,
			);
			path = expression;
			sourceTree = "<group>";
		};
		2BEDE40619BC658C00768A78 /* inputBox */ = {
			isa = PBXGroup;
			children = (
				2BEDE40719BC658C00768A78 /* InputToolView.h */,
				2BEDE40819BC658C00768A78 /* InputToolView.m */,
				2BEDE41219BC675500768A78 /* InputTextView.h */,
				2BEDE41319BC675500768A78 /* InputTextView.m */,
			);
			path = inputBox;
			sourceTree = "<group>";
		};
		2BEDE40919BC658C00768A78 /* share */ = {
			isa = PBXGroup;
			children = (
				2BEDE40A19BC658C00768A78 /* ShareView.h */,
				2BEDE40B19BC658C00768A78 /* ShareView.m */,
				2B0912D719BD474C00384036 /* ShareMenuItem.h */,
				2B0912D819BD474C00384036 /* ShareMenuItem.m */,
			);
			path = share;
			sourceTree = "<group>";
		};
/* End PBXGroup section */

/* Begin PBXNativeTarget section */
		2B957D0B19BBEFB600E82597 /* ChatKeyboard */ = {
			isa = PBXNativeTarget;
			buildConfigurationList = 2B957D3819BBEFB600E82597 /* Build configuration list for PBXNativeTarget "ChatKeyboard" */;
			buildPhases = (
				2B957D0819BBEFB600E82597 /* Sources */,
				2B957D0919BBEFB600E82597 /* Frameworks */,
				2B957D0A19BBEFB600E82597 /* Resources */,
			);
			buildRules = (
			);
			dependencies = (
			);
			name = ChatKeyboard;
			productName = ChatKeyboard;
			productReference = 2B957D0C19BBEFB600E82597 /* ChatKeyboard.app */;
			productType = "com.apple.product-type.application";
		};
		2B957D2619BBEFB600E82597 /* ChatKeyboardTests */ = {
			isa = PBXNativeTarget;
			buildConfigurationList = 2B957D3B19BBEFB600E82597 /* Build configuration list for PBXNativeTarget "ChatKeyboardTests" */;
			buildPhases = (
				2B957D2319BBEFB600E82597 /* Sources */,
				2B957D2419BBEFB600E82597 /* Frameworks */,
				2B957D2519BBEFB600E82597 /* Resources */,
			);
			buildRules = (
			);
			dependencies = (
				2B957D2D19BBEFB600E82597 /* PBXTargetDependency */,
			);
			name = ChatKeyboardTests;
			productName = ChatKeyboardTests;
			productReference = 2B957D2719BBEFB600E82597 /* ChatKeyboardTests.xctest */;
			productType = "com.apple.product-type.bundle.unit-test";
		};
/* End PBXNativeTarget section */

/* Begin PBXProject section */
		2B957D0419BBEFB500E82597 /* Project object */ = {
			isa = PBXProject;
			attributes = {
				LastUpgradeCheck = 0510;
				ORGANIZATIONNAME = zhoubin;
				TargetAttributes = {
					2B957D2619BBEFB600E82597 = {
						TestTargetID = 2B957D0B19BBEFB600E82597;
					};
				};
			};
			buildConfigurationList = 2B957D0719BBEFB500E82597 /* Build configuration list for PBXProject "ChatKeyboard" */;
			compatibilityVersion = "Xcode 3.2";
			developmentRegion = English;
			hasScannedForEncodings = 0;
			knownRegions = (
				en,
			);
			mainGroup = 2B957D0319BBEFB500E82597;
			productRefGroup = 2B957D0D19BBEFB600E82597 /* Products */;
			projectDirPath = "";
			projectRoot = "";
			targets = (
				2B957D0B19BBEFB600E82597 /* ChatKeyboard */,
				2B957D2619BBEFB600E82597 /* ChatKeyboardTests */,
			);
		};
/* End PBXProject section */

/* Begin PBXResourcesBuildPhase section */
		2B957D0A19BBEFB600E82597 /* Resources */ = {
			isa = PBXResourcesBuildPhase;
			buildActionMask = 2147483647;
			files = (
				2B957D9519BBFB4200E82597 /* Expression_1@2x.png in Resources */,
				2B957DA419BBFB4200E82597 /* Expression_33@2x.png in Resources */,
				2B957DE819BBFBFC00E82597 /* sharemore_location_ios7@2x.png in Resources */,
				2B957DAA19BBFB4200E82597 /* Expression_39@2x.png in Resources */,
				2B957D8E19BBFB4200E82597 /* Expression_13@2x.png in Resources */,
				2B957DB319BBFB4200E82597 /* Expression_47@2x.png in Resources */,
				2B957DAD19BBFB4200E82597 /* Expression_41@2x.png in Resources */,
				2B957DB819BBFB4200E82597 /* Expression_51@2x.png in Resources */,
				2B957DED19BBFBFC00E82597 /* input-bar-background@2x.png in Resources */,
				2B957DC119BBFB4200E82597 /* Expression_5@2x.png in Resources */,
				2B957DF219BBFBFC00E82597 /* ToolViewKeyboard_ios7@2x.png in Resources */,
				2B957DF119BBFBFC00E82597 /* ToolViewInputVoice_ios7@2x.png in Resources */,
				2B957DEC19BBFBFC00E82597 /* input-bar-background.png in Resources */,
				2B957DE619BBFBFC00E82597 /* chatBubble_Sending_Solid@2x.png in Resources */,
				2B957DA619BBFB4200E82597 /* Expression_35@2x.png in Resources */,
				2B957D8C19BBFB4200E82597 /* Expression_11@2x.png in Resources */,
				2B957DA219BBFB4200E82597 /* Expression_31@2x.png in Resources */,
				2B957DBD19BBFB4200E82597 /* Expression_56@2x.png in Resources */,
				2B957DFE19BBFBFC00E82597 /* SenderVoiceNodePlaying_ios7@2x.png in Resources */,
				2B957DB119BBFB4200E82597 /* Expression_45@2x.png in Resources */,
				2B957DB719BBFB4200E82597 /* Expression_50@2x.png in Resources */,
				2B957D9A19BBFB4200E82597 /* Expression_24@2x.png in Resources */,
				2B957DA519BBFB4200E82597 /* Expression_34@2x.png in Resources */,
				2B957DAB19BBFB4200E82597 /* Expression_3@2x.png in Resources */,
				2B957E0419BBFE9C00E82597 /* expression.plist in Resources */,
				2B957DBA19BBFB4200E82597 /* Expression_53@2x.png in Resources */,
				2B957D9119BBFB4200E82597 /* Expression_16@2x.png in Resources */,
				2B957DC219BBFB4200E82597 /* Expression_60@2x.png in Resources */,
				2B957DFD19BBFBFC00E82597 /* SenderVoiceNodePlaying003_ios7@2x.png in Resources */,
				2B957DE519BBFBFC00E82597 /* chatBubble_Receiving_Solid@2x.png in Resources */,
				2B957DC419BBFB4200E82597 /* Expression_7@2x.png in Resources */,
				2B957D9819BBFB4200E82597 /* Expression_22@2x.png in Resources */,
				2B957DA119BBFB4200E82597 /* Expression_30@2x.png in Resources */,
				2B957DBC19BBFB4200E82597 /* Expression_55@2x.png in Resources */,
				2B957DF019BBFBFC00E82597 /* ToolViewEmotion_ios7@2x.png in Resources */,
				2B957D9C19BBFB4200E82597 /* Expression_26@2x.png in Resources */,
				2B957DAE19BBFB4200E82597 /* Expression_42@2x.png in Resources */,
				2B957DEA19BBFBFC00E82597 /* sharemore_video_ios7@2x.png in Resources */,
				2B957D8B19BBFB4200E82597 /* Expression_10@2x.png in Resources */,
				2B957D9D19BBFB4200E82597 /* Expression_27@2x.png in Resources */,
				2B957DEB19BBFBFC00E82597 /* sharemore_videovoip@2x.png in Resources */,
				2B957DB419BBFB4200E82597 /* Expression_48@2x.png in Resources */,
				2B957DF719BBFBFC00E82597 /* ReceiverVoiceNodePlaying002_ios7@2x.png in Resources */,
				2B957DBF19BBFB4200E82597 /* Expression_58@2x.png in Resources */,
				2B957DA919BBFB4200E82597 /* Expression_38@2x.png in Resources */,
				2B957DFA19BBFBFC00E82597 /* SenderVoiceNodePlaying000_ios7@2x.png in Resources */,
				2B957DA019BBFB4200E82597 /* Expression_2@2x.png in Resources */,
				2B957D8D19BBFB4200E82597 /* Expression_12@2x.png in Resources */,
				2B957DC319BBFB4200E82597 /* Expression_6@2x.png in Resources */,
				2B957D9719BBFB4200E82597 /* Expression_21@2x.png in Resources */,
				2B957D9419BBFB4200E82597 /* Expression_19@2x.png in Resources */,
				2B957DFC19BBFBFC00E82597 /* SenderVoiceNodePlaying002_ios7@2x.png in Resources */,
				2B957D9219BBFB4200E82597 /* Expression_17@2x.png in Resources */,
				2B957D9019BBFB4200E82597 /* Expression_15@2x.png in Resources */,
				2B957D1A19BBEFB600E82597 /* InfoPlist.strings in Resources */,
				2B957DA319BBFB4200E82597 /* Expression_32@2x.png in Resources */,
				2B957DEF19BBFBFC00E82597 /* input-bar-flat@2x.png in Resources */,
				2B957D9919BBFB4200E82597 /* Expression_23@2x.png in Resources */,
				2B957DE719BBFBFC00E82597 /* map_located@2x.png in Resources */,
				2B957D8819BBFB4200E82597 /* DeleteEmoticonBtn_ios7@2x.png in Resources */,
				2B957DAC19BBFB4200E82597 /* Expression_40@2x.png in Resources */,
				2B957DAF19BBFB4200E82597 /* Expression_43@2x.png in Resources */,
				2B957D8F19BBFB4200E82597 /* Expression_14@2x.png in Resources */,
				2B957D8919BBFB4200E82597 /* EmoticonBigTipsRight@2x.png in Resources */,
				2B957D2219BBEFB600E82597 /* Images.xcassets in Resources */,
				2B957DE919BBFBFC00E82597 /* sharemore_pic_ios7@2x.png in Resources */,
				2B957DB619BBFB4200E82597 /* Expression_4@2x.png in Resources */,
				2B957D9F19BBFB4200E82597 /* Expression_29@2x.png in Resources */,
				2B957DBE19BBFB4200E82597 /* Expression_57@2x.png in Resources */,
				2B957DBB19BBFB4200E82597 /* Expression_54@2x.png in Resources */,
				2B957DA719BBFB4200E82597 /* Expression_36@2x.png in Resources */,
				2B957DC619BBFB4200E82597 /* Expression_9@2x.png in Resources */,
				2B957DB919BBFB4200E82597 /* Expression_52@2x.png in Resources */,
				2B957DC019BBFB4200E82597 /* Expression_59@2x.png in Resources */,
				2B957DF519BBFBFC00E82597 /* ReceiverVoiceNodePlaying000_ios7@2x.png in Resources */,
				2B957DF619BBFBFC00E82597 /* ReceiverVoiceNodePlaying001_ios7@2x.png in Resources */,
				2B957DF319BBFBFC00E82597 /* TypeSelectorBtn_Black_ios7@2x.png in Resources */,
				2B957DC519BBFB4200E82597 /* Expression_8@2x.png in Resources */,
				2B957D9319BBFB4200E82597 /* Expression_18@2x.png in Resources */,
				2B957DB219BBFB4200E82597 /* Expression_46@2x.png in Resources */,
				2B957DF919BBFBFC00E82597 /* ReceiverVoiceNodePlaying_ios7@2x.png in Resources */,
				2B957D9E19BBFB4200E82597 /* Expression_28@2x.png in Resources */,
				2B957D9619BBFB4200E82597 /* Expression_20@2x.png in Resources */,
				2B957DB019BBFB4200E82597 /* Expression_44@2x.png in Resources */,
				2B957DB519BBFB4200E82597 /* Expression_49@2x.png in Resources */,
				2B957DF819BBFBFC00E82597 /* ReceiverVoiceNodePlaying003_ios7@2x.png in Resources */,
				2B957DA819BBFB4200E82597 /* Expression_37@2x.png in Resources */,
				2B957DFB19BBFBFC00E82597 /* SenderVoiceNodePlaying001_ios7@2x.png in Resources */,
				2B957D9B19BBFB4200E82597 /* Expression_25@2x.png in Resources */,
				2B957DF419BBFBFC00E82597 /* holdDownButton@2x.png in Resources */,
			);
			runOnlyForDeploymentPostprocessing = 0;
		};
		2B957D2519BBEFB600E82597 /* Resources */ = {
			isa = PBXResourcesBuildPhase;
			buildActionMask = 2147483647;
			files = (
				2B957D3319BBEFB600E82597 /* InfoPlist.strings in Resources */,
			);
			runOnlyForDeploymentPostprocessing = 0;
		};
/* End PBXResourcesBuildPhase section */

/* Begin PBXSourcesBuildPhase section */
		2B957D0819BBEFB600E82597 /* Sources */ = {
			isa = PBXSourcesBuildPhase;
			buildActionMask = 2147483647;
			files = (
				2B0912D119BD400200384036 /* ExpressionMoreBar.m in Sources */,
				2BEDE40C19BC658C00768A78 /* ExpressionView.m in Sources */,
				2BEDE40D19BC658C00768A78 /* InputToolView.m in Sources */,
				2B0912D619BD427C00384036 /* ChatExpressionView.m in Sources */,
				2BEDE41419BC675500768A78 /* InputTextView.m in Sources */,
				2B0912D919BD474C00384036 /* ShareMenuItem.m in Sources */,
				2BEDE3FC19BC62FF00768A78 /* ChatDisplayViewController.m in Sources */,
				2B957D2019BBEFB600E82597 /* AppDelegate.m in Sources */,
				2BEDE40E19BC658C00768A78 /* ShareView.m in Sources */,
				2B957D1C19BBEFB600E82597 /* main.m in Sources */,
				2B957E0719BC2AA900E82597 /* NSDictionary+Expression.m in Sources */,
				2BEDE41119BC65D300768A78 /* ChatModel.m in Sources */,
			);
			runOnlyForDeploymentPostprocessing = 0;
		};
		2B957D2319BBEFB600E82597 /* Sources */ = {
			isa = PBXSourcesBuildPhase;
			buildActionMask = 2147483647;
			files = (
				2B957D3519BBEFB600E82597 /* ChatKeyboardTests.m in Sources */,
			);
			runOnlyForDeploymentPostprocessing = 0;
		};
/* End PBXSourcesBuildPhase section */

/* Begin PBXTargetDependency section */
		2B957D2D19BBEFB600E82597 /* PBXTargetDependency */ = {
			isa = PBXTargetDependency;
			target = 2B957D0B19BBEFB600E82597 /* ChatKeyboard */;
			targetProxy = 2B957D2C19BBEFB600E82597 /* PBXContainerItemProxy */;
		};
/* End PBXTargetDependency section */

/* Begin PBXVariantGroup section */
		2B957D1819BBEFB600E82597 /* InfoPlist.strings */ = {
			isa = PBXVariantGroup;
			children = (
				2B957D1919BBEFB600E82597 /* en */,
			);
			name = InfoPlist.strings;
			sourceTree = "<group>";
		};
		2B957D3119BBEFB600E82597 /* InfoPlist.strings */ = {
			isa = PBXVariantGroup;
			children = (
				2B957D3219BBEFB600E82597 /* en */,
			);
			name = InfoPlist.strings;
			sourceTree = "<group>";
		};
/* End PBXVariantGroup section */

/* Begin XCBuildConfiguration section */
		2B957D3619BBEFB600E82597 /* Debug */ = {
			isa = XCBuildConfiguration;
			buildSettings = {
				ALWAYS_SEARCH_USER_PATHS = NO;
				CLANG_CXX_LANGUAGE_STANDARD = "gnu++0x";
				CLANG_CXX_LIBRARY = "libc++";
				CLANG_ENABLE_MODULES = YES;
				CLANG_ENABLE_OBJC_ARC = YES;
				CLANG_WARN_BOOL_CONVERSION = YES;
				CLANG_WARN_CONSTANT_CONVERSION = YES;
				CLANG_WARN_DIRECT_OBJC_ISA_USAGE = YES_ERROR;
				CLANG_WARN_EMPTY_BODY = YES;
				CLANG_WARN_ENUM_CONVERSION = YES;
				CLANG_WARN_INT_CONVERSION = YES;
				CLANG_WARN_OBJC_ROOT_CLASS = YES_ERROR;
				CLANG_WARN__DUPLICATE_METHOD_MATCH = YES;
				"CODE_SIGN_IDENTITY[sdk=iphoneos*]" = "iPhone Developer";
				COPY_PHASE_STRIP = NO;
				GCC_C_LANGUAGE_STANDARD = gnu99;
				GCC_DYNAMIC_NO_PIC = NO;
				GCC_OPTIMIZATION_LEVEL = 0;
				GCC_PREPROCESSOR_DEFINITIONS = (
					"DEBUG=1",
					"$(inherited)",
				);
				GCC_SYMBOLS_PRIVATE_EXTERN = NO;
				GCC_WARN_64_TO_32_BIT_CONVERSION = YES;
				GCC_WARN_ABOUT_RETURN_TYPE = YES_ERROR;
				GCC_WARN_UNDECLARED_SELECTOR = YES;
				GCC_WARN_UNINITIALIZED_AUTOS = YES_AGGRESSIVE;
				GCC_WARN_UNUSED_FUNCTION = YES;
				GCC_WARN_UNUSED_VARIABLE = YES;
				IPHONEOS_DEPLOYMENT_TARGET = 7.1;
				ONLY_ACTIVE_ARCH = YES;
				SDKROOT = iphoneos;
			};
			name = Debug;
		};
		2B957D3719BBEFB600E82597 /* Release */ = {
			isa = XCBuildConfiguration;
			buildSettings = {
				ALWAYS_SEARCH_USER_PATHS = NO;
				CLANG_CXX_LANGUAGE_STANDARD = "gnu++0x";
				CLANG_CXX_LIBRARY = "libc++";
				CLANG_ENABLE_MODULES = YES;
				CLANG_ENABLE_OBJC_ARC = YES;
				CLANG_WARN_BOOL_CONVERSION = YES;
				CLANG_WARN_CONSTANT_CONVERSION = YES;
				CLANG_WARN_DIRECT_OBJC_ISA_USAGE = YES_ERROR;
				CLANG_WARN_EMPTY_BODY = YES;
				CLANG_WARN_ENUM_CONVERSION = YES;
				CLANG_WARN_INT_CONVERSION = YES;
				CLANG_WARN_OBJC_ROOT_CLASS = YES_ERROR;
				CLANG_WARN__DUPLICATE_METHOD_MATCH = YES;
				"CODE_SIGN_IDENTITY[sdk=iphoneos*]" = "iPhone Developer";
				COPY_PHASE_STRIP = YES;
				ENABLE_NS_ASSERTIONS = NO;
				GCC_C_LANGUAGE_STANDARD = gnu99;
				GCC_WARN_64_TO_32_BIT_CONVERSION = YES;
				GCC_WARN_ABOUT_RETURN_TYPE = YES_ERROR;
				GCC_WARN_UNDECLARED_SELECTOR = YES;
				GCC_WARN_UNINITIALIZED_AUTOS = YES_AGGRESSIVE;
				GCC_WARN_UNUSED_FUNCTION = YES;
				GCC_WARN_UNUSED_VARIABLE = YES;
				IPHONEOS_DEPLOYMENT_TARGET = 7.1;
				SDKROOT = iphoneos;
				VALIDATE_PRODUCT = YES;
			};
			name = Release;
		};
		2B957D3919BBEFB600E82597 /* Debug */ = {
			isa = XCBuildConfiguration;
			buildSettings = {
				ASSETCATALOG_COMPILER_APPICON_NAME = AppIcon;
				ASSETCATALOG_COMPILER_LAUNCHIMAGE_NAME = LaunchImage;
				GCC_PRECOMPILE_PREFIX_HEADER = YES;
				GCC_PREFIX_HEADER = "ChatKeyboard/ChatKeyboard-Prefix.pch";
				INFOPLIST_FILE = "ChatKeyboard/ChatKeyboard-Info.plist";
				PRODUCT_NAME = "$(TARGET_NAME)";
				WRAPPER_EXTENSION = app;
			};
			name = Debug;
		};
		2B957D3A19BBEFB600E82597 /* Release */ = {
			isa = XCBuildConfiguration;
			buildSettings = {
				ASSETCATALOG_COMPILER_APPICON_NAME = AppIcon;
				ASSETCATALOG_COMPILER_LAUNCHIMAGE_NAME = LaunchImage;
				GCC_PRECOMPILE_PREFIX_HEADER = YES;
				GCC_PREFIX_HEADER = "ChatKeyboard/ChatKeyboard-Prefix.pch";
				INFOPLIST_FILE = "ChatKeyboard/ChatKeyboard-Info.plist";
				PRODUCT_NAME = "$(TARGET_NAME)";
				WRAPPER_EXTENSION = app;
			};
			name = Release;
		};
		2B957D3C19BBEFB600E82597 /* Debug */ = {
			isa = XCBuildConfiguration;
			buildSettings = {
				BUNDLE_LOADER = "$(BUILT_PRODUCTS_DIR)/ChatKeyboard.app/ChatKeyboard";
				FRAMEWORK_SEARCH_PATHS = (
					"$(SDKROOT)/Developer/Library/Frameworks",
					"$(inherited)",
					"$(DEVELOPER_FRAMEWORKS_DIR)",
				);
				GCC_PRECOMPILE_PREFIX_HEADER = YES;
				GCC_PREFIX_HEADER = "ChatKeyboard/ChatKeyboard-Prefix.pch";
				GCC_PREPROCESSOR_DEFINITIONS = (
					"DEBUG=1",
					"$(inherited)",
				);
				INFOPLIST_FILE = "ChatKeyboardTests/ChatKeyboardTests-Info.plist";
				PRODUCT_NAME = "$(TARGET_NAME)";
				TEST_HOST = "$(BUNDLE_LOADER)";
				WRAPPER_EXTENSION = xctest;
			};
			name = Debug;
		};
		2B957D3D19BBEFB600E82597 /* Release */ = {
			isa = XCBuildConfiguration;
			buildSettings = {
				BUNDLE_LOADER = "$(BUILT_PRODUCTS_DIR)/ChatKeyboard.app/ChatKeyboard";
				FRAMEWORK_SEARCH_PATHS = (
					"$(SDKROOT)/Developer/Library/Frameworks",
					"$(inherited)",
					"$(DEVELOPER_FRAMEWORKS_DIR)",
				);
				GCC_PRECOMPILE_PREFIX_HEADER = YES;
				GCC_PREFIX_HEADER = "ChatKeyboard/ChatKeyboard-Prefix.pch";
				INFOPLIST_FILE = "ChatKeyboardTests/ChatKeyboardTests-Info.plist";
				PRODUCT_NAME = "$(TARGET_NAME)";
				TEST_HOST = "$(BUNDLE_LOADER)";
				WRAPPER_EXTENSION = xctest;
			};
			name = Release;
		};
/* End XCBuildConfiguration section */

/* Begin XCConfigurationList section */
		2B957D0719BBEFB500E82597 /* Build configuration list for PBXProject "ChatKeyboard" */ = {
			isa = XCConfigurationList;
			buildConfigurations = (
				2B957D3619BBEFB600E82597 /* Debug */,
				2B957D3719BBEFB600E82597 /* Release */,
			);
			defaultConfigurationIsVisible = 0;
			defaultConfigurationName = Release;
		};
		2B957D3819BBEFB600E82597 /* Build configuration list for PBXNativeTarget "ChatKeyboard" */ = {
			isa = XCConfigurationList;
			buildConfigurations = (
				2B957D3919BBEFB600E82597 /* Debug */,
				2B957D3A19BBEFB600E82597 /* Release */,
			);
			defaultConfigurationIsVisible = 0;
			defaultConfigurationName = Release;
		};
		2B957D3B19BBEFB600E82597 /* Build configuration list for PBXNativeTarget "ChatKeyboardTests" */ = {
			isa = XCConfigurationList;
			buildConfigurations = (
				2B957D3C19BBEFB600E82597 /* Debug */,
				2B957D3D19BBEFB600E82597 /* Release */,
			);
			defaultConfigurationIsVisible = 0;
			defaultConfigurationName = Release;
		};
/* End XCConfigurationList section */
	};
	rootObject = 2B957D0419BBEFB500E82597 /* Project object */;
}
